
Microsoft Visual Studio Solution File, Format Version 12.00
# Visual Studio Version 17
VisualStudioVersion = 17.14.36109.1 d17.14
MinimumVisualStudioVersion = 10.0.40219.1
Project("{8BC9CEB8-8B4A-11D0-8D11-00A0C91BC942}") = "DataStructures", "DataStructures.vcxproj", "{889C8822-5314-4B9C-9670-604E23D52519}"
EndProject
Global
	GlobalSection(SolutionConfigurationPlatforms) = preSolution
		Debug|x64 = Debug|x64
		Debug|x86 = Debug|x86
		Release|x64 = Release|x64
		Release|x86 = Release|x86
	EndGlobalSection
	GlobalSection(ProjectConfigurationPlatforms) = postSolution
		{889C8822-5314-4B9C-9670-604E23D52519}.Debug|x64.ActiveCfg = Debug|x64
		{889C8822-5314-4B9C-9670-604E23D52519}.Debug|x64.Build.0 = Debug|x64
		{889C8822-5314-4B9C-9670-604E23D52519}.Debug|x86.ActiveCfg = Debug|Win32
		{889C8822-5314-4B9C-9670-604E23D52519}.Debug|x86.Build.0 = Debug|Win32
		{889C8822-5314-4B9C-9670-604E23D52519}.Release|x64.ActiveCfg = Release|x64
		{889C8822-5314-4B9C-9670-604E23D52519}.Release|x64.Build.0 = Release|x64
		{889C8822-5314-4B9C-9670-604E23D52519}.Release|x86.ActiveCfg = Release|Win32
		{889C8822-5314-4B9C-9670-604E23D52519}.Release|x86.Build.0 = Release|Win32
	EndGlobalSection
	GlobalSection(SolutionProperties) = preSolution
		HideSolutionNode = FALSE
	EndGlobalSection
	GlobalSection(ExtensibilityGlobals) = postSolution
		SolutionGuid = {14BA7968-7D7F-4ACE-A324-7F35B7683FA0}
	EndGlobalSection
EndGlobal
