
Microsoft Visual Studio Solution File, Format Version 12.00
# Visual Studio Version 17
VisualStudioVersion = 17.7.34202.233
MinimumVisualStudioVersion = 10.0.40219.1
Project("{8BC9CEB8-8B4A-11D0-8D11-00A0C91BC942}") = "Session2Activity", "Session2Activity\Session2Activity.vcxproj", "{776B9E44-B0CB-437C-A69A-393FC7108754}"
EndProject
Global
	GlobalSection(SolutionConfigurationPlatforms) = preSolution
		Debug|x64 = Debug|x64
		Debug|x86 = Debug|x86
		Release|x64 = Release|x64
		Release|x86 = Release|x86
	EndGlobalSection
	GlobalSection(ProjectConfigurationPlatforms) = postSolution
		{776B9E44-B0CB-437C-A69A-393FC7108754}.Debug|x64.ActiveCfg = Debug|x64
		{776B9E44-B0CB-437C-A69A-393FC7108754}.Debug|x64.Build.0 = Debug|x64
		{776B9E44-B0CB-437C-A69A-393FC7108754}.Debug|x86.ActiveCfg = Debug|Win32
		{776B9E44-B0CB-437C-A69A-393FC7108754}.Debug|x86.Build.0 = Debug|Win32
		{776B9E44-B0CB-437C-A69A-393FC7108754}.Release|x64.ActiveCfg = Release|x64
		{776B9E44-B0CB-437C-A69A-393FC7108754}.Release|x64.Build.0 = Release|x64
		{776B9E44-B0CB-437C-A69A-393FC7108754}.Release|x86.ActiveCfg = Release|Win32
		{776B9E44-B0CB-437C-A69A-393FC7108754}.Release|x86.Build.0 = Release|Win32
	EndGlobalSection
	GlobalSection(SolutionProperties) = preSolution
		HideSolutionNode = FALSE
	EndGlobalSection
	GlobalSection(ExtensibilityGlobals) = postSolution
		SolutionGuid = {D81A9397-664A-488A-989D-F785CF143551}
	EndGlobalSection
EndGlobal
