
Microsoft Visual Studio Solution File, Format Version 12.00
# Visual Studio Version 17
VisualStudioVersion = 17.14.36109.1 d17.14
MinimumVisualStudioVersion = 10.0.40219.1
Project("{8BC9CEB8-8B4A-11D0-8D11-00A0C91BC942}") = "HelloWorld", "HelloWorld.vcxproj", "{0E41CE35-4616-4E2D-BDF3-A83B6B06DEA1}"
EndProject
Global
	GlobalSection(SolutionConfigurationPlatforms) = preSolution
		Debug|x64 = Debug|x64
		Debug|x86 = Debug|x86
		Release|x64 = Release|x64
		Release|x86 = Release|x86
	EndGlobalSection
	GlobalSection(ProjectConfigurationPlatforms) = postSolution
		{0E41CE35-4616-4E2D-BDF3-A83B6B06DEA1}.Debug|x64.ActiveCfg = Debug|x64
		{0E41CE35-4616-4E2D-BDF3-A83B6B06DEA1}.Debug|x64.Build.0 = Debug|x64
		{0E41CE35-4616-4E2D-BDF3-A83B6B06DEA1}.Debug|x86.ActiveCfg = Debug|Win32
		{0E41CE35-4616-4E2D-BDF3-A83B6B06DEA1}.Debug|x86.Build.0 = Debug|Win32
		{0E41CE35-4616-4E2D-BDF3-A83B6B06DEA1}.Release|x64.ActiveCfg = Release|x64
		{0E41CE35-4616-4E2D-BDF3-A83B6B06DEA1}.Release|x64.Build.0 = Release|x64
		{0E41CE35-4616-4E2D-BDF3-A83B6B06DEA1}.Release|x86.ActiveCfg = Release|Win32
		{0E41CE35-4616-4E2D-BDF3-A83B6B06DEA1}.Release|x86.Build.0 = Release|Win32
	EndGlobalSection
	GlobalSection(SolutionProperties) = preSolution
		HideSolutionNode = FALSE
	EndGlobalSection
	GlobalSection(ExtensibilityGlobals) = postSolution
		SolutionGuid = {547FC79D-AAC5-42B4-B31C-005988FC7DD3}
	EndGlobalSection
EndGlobal
